
Microsoft Visual Studio Solution File, Format Version 12.00
Project("{FAE04EC0-301F-11D3-BF4B-00C04F79EFBC}") = "Api.GraphQL", "Api.GraphQL\Api.GraphQL.csproj", "{D8A67F6D-8BB6-49B8-9C65-71DEAC5E9370}"
EndProject
Project("{FAE04EC0-301F-11D3-BF4B-00C04F79EFBC}") = "Core", "Core\Core.csproj", "{B05CCE0A-9C98-418C-BD9F-9E32E2C05F0F}"
EndProject
Project("{FAE04EC0-301F-11D3-BF4B-00C04F79EFBC}") = "Web", "Web\Web.csproj", "{EF7FCBC1-B2B9-4ED7-9BAF-AFAC6D2C2704}"
EndProject
Global
	GlobalSection(SolutionConfigurationPlatforms) = preSolution
		Debug|Any CPU = Debug|Any CPU
		Release|Any CPU = Release|Any CPU
	EndGlobalSection
	GlobalSection(ProjectConfigurationPlatforms) = postSolution
		{D8A67F6D-8BB6-49B8-9C65-71DEAC5E9370}.Debug|Any CPU.ActiveCfg = Debug|Any CPU
		{D8A67F6D-8BB6-49B8-9C65-71DEAC5E9370}.Debug|Any CPU.Build.0 = Debug|Any CPU
		{D8A67F6D-8BB6-49B8-9C65-71DEAC5E9370}.Release|Any CPU.ActiveCfg = Release|Any CPU
		{D8A67F6D-8BB6-49B8-9C65-71DEAC5E9370}.Release|Any CPU.Build.0 = Release|Any CPU
		{B05CCE0A-9C98-418C-BD9F-9E32E2C05F0F}.Debug|Any CPU.ActiveCfg = Debug|Any CPU
		{B05CCE0A-9C98-418C-BD9F-9E32E2C05F0F}.Debug|Any CPU.Build.0 = Debug|Any CPU
		{B05CCE0A-9C98-418C-BD9F-9E32E2C05F0F}.Release|Any CPU.ActiveCfg = Release|Any CPU
		{B05CCE0A-9C98-418C-BD9F-9E32E2C05F0F}.Release|Any CPU.Build.0 = Release|Any CPU
		{EF7FCBC1-B2B9-4ED7-9BAF-AFAC6D2C2704}.Debug|Any CPU.ActiveCfg = Debug|Any CPU
		{EF7FCBC1-B2B9-4ED7-9BAF-AFAC6D2C2704}.Debug|Any CPU.Build.0 = Debug|Any CPU
		{EF7FCBC1-B2B9-4ED7-9BAF-AFAC6D2C2704}.Release|Any CPU.ActiveCfg = Release|Any CPU
		{EF7FCBC1-B2B9-4ED7-9BAF-AFAC6D2C2704}.Release|Any CPU.Build.0 = Release|Any CPU
	EndGlobalSection
EndGlobal
