
Microsoft Visual Studio Solution File, Format Version 12.00
Project("{FAE04EC0-301F-11D3-BF4B-00C04F79EFBC}") = "GraphQL", "GraphQL\GraphQL.csproj", "{D8A67F6D-8BB6-49B8-9C65-71DEAC5E9370}"
EndProject
Project("{FAE04EC0-301F-11D3-BF4B-00C04F79EFBC}") = "Domain", "Domain\Domain.csproj", "{B05CCE0A-9C98-418C-BD9F-9E32E2C05F0F}"
EndProject
Project("{FAE04EC0-301F-11D3-BF4B-00C04F79EFBC}") = "Infrastructure", "Infrastructure\Infrastructure.csproj", "{ACA5C21A-1969-4B44-8D42-F92CDE6FF6D8}"
EndProject
Project("{2150E333-8FDC-42A3-9474-1A3956D46DE8}") = "Core", "Core", "{481761D2-E9FA-4919-9F6C-5AE1E83C0653}"
EndProject
Project("{FAE04EC0-301F-11D3-BF4B-00C04F79EFBC}") = "Application", "Application\Application.csproj", "{F5D8CE71-2EB2-4128-B229-3F6F8A59ED59}"
EndProject
Project("{2150E333-8FDC-42A3-9474-1A3956D46DE8}") = "Presentations", "Presentations", "{47E4103E-4354-4D9D-B4F7-1596C56915FA}"
EndProject
Project("{2150E333-8FDC-42A3-9474-1A3956D46DE8}") = "Infrastructure", "Infrastructure", "{C54C0516-204B-4DCF-909C-7CAFA84701B2}"
EndProject
Project("{FAE04EC0-301F-11D3-BF4B-00C04F79EFBC}") = "Persistence", "Infrastructure\Persistence\Persistence.csproj", "{D524CAAA-D933-4858-8736-987274309D98}"
EndProject
Global
	GlobalSection(SolutionConfigurationPlatforms) = preSolution
		Debug|Any CPU = Debug|Any CPU
		Release|Any CPU = Release|Any CPU
	EndGlobalSection
	GlobalSection(ProjectConfigurationPlatforms) = postSolution
		{D8A67F6D-8BB6-49B8-9C65-71DEAC5E9370}.Debug|Any CPU.ActiveCfg = Debug|Any CPU
		{D8A67F6D-8BB6-49B8-9C65-71DEAC5E9370}.Debug|Any CPU.Build.0 = Debug|Any CPU
		{D8A67F6D-8BB6-49B8-9C65-71DEAC5E9370}.Release|Any CPU.ActiveCfg = Release|Any CPU
		{D8A67F6D-8BB6-49B8-9C65-71DEAC5E9370}.Release|Any CPU.Build.0 = Release|Any CPU
		{B05CCE0A-9C98-418C-BD9F-9E32E2C05F0F}.Debug|Any CPU.ActiveCfg = Debug|Any CPU
		{B05CCE0A-9C98-418C-BD9F-9E32E2C05F0F}.Debug|Any CPU.Build.0 = Debug|Any CPU
		{B05CCE0A-9C98-418C-BD9F-9E32E2C05F0F}.Release|Any CPU.ActiveCfg = Release|Any CPU
		{B05CCE0A-9C98-418C-BD9F-9E32E2C05F0F}.Release|Any CPU.Build.0 = Release|Any CPU
		{ACA5C21A-1969-4B44-8D42-F92CDE6FF6D8}.Debug|Any CPU.ActiveCfg = Debug|Any CPU
		{ACA5C21A-1969-4B44-8D42-F92CDE6FF6D8}.Debug|Any CPU.Build.0 = Debug|Any CPU
		{ACA5C21A-1969-4B44-8D42-F92CDE6FF6D8}.Release|Any CPU.ActiveCfg = Release|Any CPU
		{ACA5C21A-1969-4B44-8D42-F92CDE6FF6D8}.Release|Any CPU.Build.0 = Release|Any CPU
		{F5D8CE71-2EB2-4128-B229-3F6F8A59ED59}.Debug|Any CPU.ActiveCfg = Debug|Any CPU
		{F5D8CE71-2EB2-4128-B229-3F6F8A59ED59}.Debug|Any CPU.Build.0 = Debug|Any CPU
		{F5D8CE71-2EB2-4128-B229-3F6F8A59ED59}.Release|Any CPU.ActiveCfg = Release|Any CPU
		{F5D8CE71-2EB2-4128-B229-3F6F8A59ED59}.Release|Any CPU.Build.0 = Release|Any CPU
		{D524CAAA-D933-4858-8736-987274309D98}.Debug|Any CPU.ActiveCfg = Debug|Any CPU
		{D524CAAA-D933-4858-8736-987274309D98}.Debug|Any CPU.Build.0 = Debug|Any CPU
		{D524CAAA-D933-4858-8736-987274309D98}.Release|Any CPU.ActiveCfg = Release|Any CPU
		{D524CAAA-D933-4858-8736-987274309D98}.Release|Any CPU.Build.0 = Release|Any CPU
	EndGlobalSection
	GlobalSection(NestedProjects) = preSolution
		{B05CCE0A-9C98-418C-BD9F-9E32E2C05F0F} = {481761D2-E9FA-4919-9F6C-5AE1E83C0653}
		{F5D8CE71-2EB2-4128-B229-3F6F8A59ED59} = {481761D2-E9FA-4919-9F6C-5AE1E83C0653}
		{ACA5C21A-1969-4B44-8D42-F92CDE6FF6D8} = {C54C0516-204B-4DCF-909C-7CAFA84701B2}
		{D524CAAA-D933-4858-8736-987274309D98} = {C54C0516-204B-4DCF-909C-7CAFA84701B2}
		{D8A67F6D-8BB6-49B8-9C65-71DEAC5E9370} = {47E4103E-4354-4D9D-B4F7-1596C56915FA}
	EndGlobalSection
EndGlobal
